// !$*UTF8*$!
{
	archiveVersion = 1;
	classes = {
	};
	objectVersion = 55;
	objects = {

/* Begin PBXBuildFile section */
		D71A73902849ACB5000D90C5 /* AnimalModel.swift in Sources */ = {isa = PBXBuildFile; fileRef = D71A738F2849ACB5000D90C5 /* AnimalModel.swift */; };
		D71A73922849AF14000D90C5 /* AnimalDetailView.swift in Sources */ = {isa = PBXBuildFile; fileRef = D71A73912849AF14000D90C5 /* AnimalDetailView.swift */; };
		D71A73962849B627000D90C5 /* HeadingView.swift in Sources */ = {isa = PBXBuildFile; fileRef = D71A73952849B627000D90C5 /* HeadingView.swift */; };
		D72FCEE82849F30F000A2D5B /* VideoPlayerView.swift in Sources */ = {isa = PBXBuildFile; fileRef = D72FCEE72849F30F000A2D5B /* VideoPlayerView.swift */; };
		D72FCEEB2849F3BC000A2D5B /* VideoPlayerHelper.swift in Sources */ = {isa = PBXBuildFile; fileRef = D72FCEEA2849F3BC000A2D5B /* VideoPlayerHelper.swift */; };
		D72FCEED2849F73F000A2D5B /* LocationModel.swift in Sources */ = {isa = PBXBuildFile; fileRef = D72FCEEC2849F73F000A2D5B /* LocationModel.swift */; };
		D76E3F16284A6DF800B001A0 /* AnimalGridItemView.swift in Sources */ = {isa = PBXBuildFile; fileRef = D76E3F15284A6DF800B001A0 /* AnimalGridItemView.swift */; };
		D76E3F1C284A747800B001A0 /* Stickers.xcassets in Resources */ = {isa = PBXBuildFile; fileRef = D76E3F1B284A747800B001A0 /* Stickers.xcassets */; };
		D76E3F20284A747800B001A0 /* Stickers.appex in Embed App Extensions */ = {isa = PBXBuildFile; fileRef = D76E3F19284A747500B001A0 /* Stickers.appex */; settings = {ATTRIBUTES = (RemoveHeadersOnCopy, ); }; };
		D7B3D5B42849C755007B2C0F /* InsetGalleryView.swift in Sources */ = {isa = PBXBuildFile; fileRef = D7B3D5B32849C755007B2C0F /* InsetGalleryView.swift */; };
		D7B3D5B62849CB7C007B2C0F /* InsetFaceView.swift in Sources */ = {isa = PBXBuildFile; fileRef = D7B3D5B52849CB7C007B2C0F /* InsetFaceView.swift */; };
		D7B3D5B82849E279007B2C0F /* InsetMapView.swift in Sources */ = {isa = PBXBuildFile; fileRef = D7B3D5B72849E279007B2C0F /* InsetMapView.swift */; };
		D7B3D5BA2849E6A8007B2C0F /* ExternalWebLinkView.swift in Sources */ = {isa = PBXBuildFile; fileRef = D7B3D5B92849E6A8007B2C0F /* ExternalWebLinkView.swift */; };
		D7B3D5BC2849ED56007B2C0F /* VideoModel.swift in Sources */ = {isa = PBXBuildFile; fileRef = D7B3D5BB2849ED56007B2C0F /* VideoModel.swift */; };
		D7B3D5BE2849EDD1007B2C0F /* VideoListItemView.swift in Sources */ = {isa = PBXBuildFile; fileRef = D7B3D5BD2849EDD1007B2C0F /* VideoListItemView.swift */; };
		D7BF7820284A0EC90073A3FC /* MapAnnotationView.swift in Sources */ = {isa = PBXBuildFile; fileRef = D7BF781F284A0EC90073A3FC /* MapAnnotationView.swift */; };
		D7BF7822284A13E10073A3FC /* MotionAnimationView.swift in Sources */ = {isa = PBXBuildFile; fileRef = D7BF7821284A13E10073A3FC /* MotionAnimationView.swift */; };
		D7E95ACF284992510032EBBD /* AfricaApp.swift in Sources */ = {isa = PBXBuildFile; fileRef = D7E95ACE284992510032EBBD /* AfricaApp.swift */; };
		D7E95AD1284992510032EBBD /* ContentView.swift in Sources */ = {isa = PBXBuildFile; fileRef = D7E95AD0284992510032EBBD /* ContentView.swift */; };
		D7E95AD3284992530032EBBD /* Assets.xcassets in Resources */ = {isa = PBXBuildFile; fileRef = D7E95AD2284992530032EBBD /* Assets.xcassets */; };
		D7E95AD6284992530032EBBD /* Preview Assets.xcassets in Resources */ = {isa = PBXBuildFile; fileRef = D7E95AD5284992530032EBBD /* Preview Assets.xcassets */; };
		D7E95AE7284994DD0032EBBD /* cheetah.mp4 in Resources */ = {isa = PBXBuildFile; fileRef = D7E95ADD284994D70032EBBD /* cheetah.mp4 */; };
		D7E95AE8284994DD0032EBBD /* elephant.mp4 in Resources */ = {isa = PBXBuildFile; fileRef = D7E95ADE284994D80032EBBD /* elephant.mp4 */; };
		D7E95AE9284994DD0032EBBD /* lion.mp4 in Resources */ = {isa = PBXBuildFile; fileRef = D7E95ADF284994D80032EBBD /* lion.mp4 */; };
		D7E95AEA284994DD0032EBBD /* lioness.mp4 in Resources */ = {isa = PBXBuildFile; fileRef = D7E95AE0284994D90032EBBD /* lioness.mp4 */; };
		D7E95AEB284994DD0032EBBD /* giraffe.mp4 in Resources */ = {isa = PBXBuildFile; fileRef = D7E95AE1284994D90032EBBD /* giraffe.mp4 */; };
		D7E95AEC284994DD0032EBBD /* rhino.mp4 in Resources */ = {isa = PBXBuildFile; fileRef = D7E95AE2284994DA0032EBBD /* rhino.mp4 */; };
		D7E95AED284994DD0032EBBD /* zebra.mp4 in Resources */ = {isa = PBXBuildFile; fileRef = D7E95AE3284994DA0032EBBD /* zebra.mp4 */; };
		D7E95AEE284994DD0032EBBD /* ostrich.mp4 in Resources */ = {isa = PBXBuildFile; fileRef = D7E95AE4284994DC0032EBBD /* ostrich.mp4 */; };
		D7E95AEF284994DD0032EBBD /* gorilla.mp4 in Resources */ = {isa = PBXBuildFile; fileRef = D7E95AE5284994DC0032EBBD /* gorilla.mp4 */; };
		D7E95AF0284994DD0032EBBD /* hippo.mp4 in Resources */ = {isa = PBXBuildFile; fileRef = D7E95AE6284994DD0032EBBD /* hippo.mp4 */; };
		D7E95AF62849952C0032EBBD /* videos.json in Resources */ = {isa = PBXBuildFile; fileRef = D7E95AF22849952B0032EBBD /* videos.json */; };
		D7E95AF72849952C0032EBBD /* covers.json in Resources */ = {isa = PBXBuildFile; fileRef = D7E95AF32849952C0032EBBD /* covers.json */; };
		D7E95AF82849952C0032EBBD /* animals.json in Resources */ = {isa = PBXBuildFile; fileRef = D7E95AF42849952C0032EBBD /* animals.json */; };
		D7E95AF92849952C0032EBBD /* locations.json in Resources */ = {isa = PBXBuildFile; fileRef = D7E95AF52849952C0032EBBD /* locations.json */; };
		D7E95B012849A26C0032EBBD /* VideoListView.swift in Sources */ = {isa = PBXBuildFile; fileRef = D7E95B002849A26C0032EBBD /* VideoListView.swift */; };
		D7E95B032849A27B0032EBBD /* MapView.swift in Sources */ = {isa = PBXBuildFile; fileRef = D7E95B022849A27B0032EBBD /* MapView.swift */; };
		D7E95B052849A2860032EBBD /* GalleryView.swift in Sources */ = {isa = PBXBuildFile; fileRef = D7E95B042849A2860032EBBD /* GalleryView.swift */; };
		D7E95B072849A2940032EBBD /* MainView.swift in Sources */ = {isa = PBXBuildFile; fileRef = D7E95B062849A2940032EBBD /* MainView.swift */; };
		D7E95B0A2849A4690032EBBD /* CoverImageView.swift in Sources */ = {isa = PBXBuildFile; fileRef = D7E95B092849A4690032EBBD /* CoverImageView.swift */; };
		D7E95B0D2849A5900032EBBD /* CoverImageModel.swift in Sources */ = {isa = PBXBuildFile; fileRef = D7E95B0C2849A5900032EBBD /* CoverImageModel.swift */; };
		D7E95B102849A6420032EBBD /* CodableBundleExtension.swift in Sources */ = {isa = PBXBuildFile; fileRef = D7E95B0F2849A6420032EBBD /* CodableBundleExtension.swift */; };
		D7E95B142849AB3C0032EBBD /* AnimalListItemView.swift in Sources */ = {isa = PBXBuildFile; fileRef = D7E95B132849AB3C0032EBBD /* AnimalListItemView.swift */; };
/* End PBXBuildFile section */

/* Begin PBXContainerItemProxy section */
		D76E3F1E284A747800B001A0 /* PBXContainerItemProxy */ = {
			isa = PBXContainerItemProxy;
			containerPortal = D7E95AC3284992510032EBBD /* Project object */;
			proxyType = 1;
			remoteGlobalIDString = D76E3F18284A747500B001A0;
			remoteInfo = Stickers;
		};
/* End PBXContainerItemProxy section */

/* Begin PBXCopyFilesBuildPhase section */
		D76E3F24284A747800B001A0 /* Embed App Extensions */ = {
			isa = PBXCopyFilesBuildPhase;
			buildActionMask = 2147483647;
			dstPath = "";
			dstSubfolderSpec = 13;
			files = (
				D76E3F20284A747800B001A0 /* Stickers.appex in Embed App Extensions */,
			);
			name = "Embed App Extensions";
			runOnlyForDeploymentPostprocessing = 0;
		};
/* End PBXCopyFilesBuildPhase section */

/* Begin PBXFileReference section */
		D71A738F2849ACB5000D90C5 /* AnimalModel.swift */ = {isa = PBXFileReference; lastKnownFileType = sourcecode.swift; path = AnimalModel.swift; sourceTree = "<group>"; };
		D71A73912849AF14000D90C5 /* AnimalDetailView.swift */ = {isa = PBXFileReference; lastKnownFileType = sourcecode.swift; path = AnimalDetailView.swift; sourceTree = "<group>"; };
		D71A73952849B627000D90C5 /* HeadingView.swift */ = {isa = PBXFileReference; lastKnownFileType = sourcecode.swift; path = HeadingView.swift; sourceTree = "<group>"; };
		D72FCEE72849F30F000A2D5B /* VideoPlayerView.swift */ = {isa = PBXFileReference; lastKnownFileType = sourcecode.swift; path = VideoPlayerView.swift; sourceTree = "<group>"; };
		D72FCEEA2849F3BC000A2D5B /* VideoPlayerHelper.swift */ = {isa = PBXFileReference; lastKnownFileType = sourcecode.swift; path = VideoPlayerHelper.swift; sourceTree = "<group>"; };
		D72FCEEC2849F73F000A2D5B /* LocationModel.swift */ = {isa = PBXFileReference; lastKnownFileType = sourcecode.swift; path = LocationModel.swift; sourceTree = "<group>"; };
		D76E3F15284A6DF800B001A0 /* AnimalGridItemView.swift */ = {isa = PBXFileReference; lastKnownFileType = sourcecode.swift; path = AnimalGridItemView.swift; sourceTree = "<group>"; };
		D76E3F19284A747500B001A0 /* Stickers.appex */ = {isa = PBXFileReference; explicitFileType = "wrapper.app-extension"; includeInIndex = 0; path = Stickers.appex; sourceTree = BUILT_PRODUCTS_DIR; };
		D76E3F1B284A747800B001A0 /* Stickers.xcassets */ = {isa = PBXFileReference; lastKnownFileType = folder.assetcatalog; path = Stickers.xcassets; sourceTree = "<group>"; };
		D76E3F1D284A747800B001A0 /* Info.plist */ = {isa = PBXFileReference; lastKnownFileType = text.plist.xml; path = Info.plist; sourceTree = "<group>"; };
		D7B3D5B32849C755007B2C0F /* InsetGalleryView.swift */ = {isa = PBXFileReference; lastKnownFileType = sourcecode.swift; path = InsetGalleryView.swift; sourceTree = "<group>"; };
		D7B3D5B52849CB7C007B2C0F /* InsetFaceView.swift */ = {isa = PBXFileReference; lastKnownFileType = sourcecode.swift; path = InsetFaceView.swift; sourceTree = "<group>"; };
		D7B3D5B72849E279007B2C0F /* InsetMapView.swift */ = {isa = PBXFileReference; lastKnownFileType = sourcecode.swift; path = InsetMapView.swift; sourceTree = "<group>"; };
		D7B3D5B92849E6A8007B2C0F /* ExternalWebLinkView.swift */ = {isa = PBXFileReference; lastKnownFileType = sourcecode.swift; path = ExternalWebLinkView.swift; sourceTree = "<group>"; };
		D7B3D5BB2849ED56007B2C0F /* VideoModel.swift */ = {isa = PBXFileReference; lastKnownFileType = sourcecode.swift; path = VideoModel.swift; sourceTree = "<group>"; };
		D7B3D5BD2849EDD1007B2C0F /* VideoListItemView.swift */ = {isa = PBXFileReference; lastKnownFileType = sourcecode.swift; path = VideoListItemView.swift; sourceTree = "<group>"; };
		D7BF781F284A0EC90073A3FC /* MapAnnotationView.swift */ = {isa = PBXFileReference; lastKnownFileType = sourcecode.swift; path = MapAnnotationView.swift; sourceTree = "<group>"; };
		D7BF7821284A13E10073A3FC /* MotionAnimationView.swift */ = {isa = PBXFileReference; lastKnownFileType = sourcecode.swift; path = MotionAnimationView.swift; sourceTree = "<group>"; };
		D7E95ACB284992510032EBBD /* Africa.app */ = {isa = PBXFileReference; explicitFileType = wrapper.application; includeInIndex = 0; path = Africa.app; sourceTree = BUILT_PRODUCTS_DIR; };
		D7E95ACE284992510032EBBD /* AfricaApp.swift */ = {isa = PBXFileReference; lastKnownFileType = sourcecode.swift; path = AfricaApp.swift; sourceTree = "<group>"; };
		D7E95AD0284992510032EBBD /* ContentView.swift */ = {isa = PBXFileReference; lastKnownFileType = sourcecode.swift; path = ContentView.swift; sourceTree = "<group>"; };
		D7E95AD2284992530032EBBD /* Assets.xcassets */ = {isa = PBXFileReference; lastKnownFileType = folder.assetcatalog; path = Assets.xcassets; sourceTree = "<group>"; };
		D7E95AD5284992530032EBBD /* Preview Assets.xcassets */ = {isa = PBXFileReference; lastKnownFileType = folder.assetcatalog; path = "Preview Assets.xcassets"; sourceTree = "<group>"; };
		D7E95ADD284994D70032EBBD /* cheetah.mp4 */ = {isa = PBXFileReference; lastKnownFileType = file; path = cheetah.mp4; sourceTree = "<group>"; };
		D7E95ADE284994D80032EBBD /* elephant.mp4 */ = {isa = PBXFileReference; lastKnownFileType = file; path = elephant.mp4; sourceTree = "<group>"; };
		D7E95ADF284994D80032EBBD /* lion.mp4 */ = {isa = PBXFileReference; lastKnownFileType = file; path = lion.mp4; sourceTree = "<group>"; };
		D7E95AE0284994D90032EBBD /* lioness.mp4 */ = {isa = PBXFileReference; lastKnownFileType = file; path = lioness.mp4; sourceTree = "<group>"; };
		D7E95AE1284994D90032EBBD /* giraffe.mp4 */ = {isa = PBXFileReference; lastKnownFileType = file; path = giraffe.mp4; sourceTree = "<group>"; };
		D7E95AE2284994DA0032EBBD /* rhino.mp4 */ = {isa = PBXFileReference; lastKnownFileType = file; path = rhino.mp4; sourceTree = "<group>"; };
		D7E95AE3284994DA0032EBBD /* zebra.mp4 */ = {isa = PBXFileReference; lastKnownFileType = file; path = zebra.mp4; sourceTree = "<group>"; };
		D7E95AE4284994DC0032EBBD /* ostrich.mp4 */ = {isa = PBXFileReference; lastKnownFileType = file; path = ostrich.mp4; sourceTree = "<group>"; };
		D7E95AE5284994DC0032EBBD /* gorilla.mp4 */ = {isa = PBXFileReference; lastKnownFileType = file; path = gorilla.mp4; sourceTree = "<group>"; };
		D7E95AE6284994DD0032EBBD /* hippo.mp4 */ = {isa = PBXFileReference; lastKnownFileType = file; path = hippo.mp4; sourceTree = "<group>"; };
		D7E95AF22849952B0032EBBD /* videos.json */ = {isa = PBXFileReference; fileEncoding = 4; lastKnownFileType = text.json; path = videos.json; sourceTree = "<group>"; };
		D7E95AF32849952C0032EBBD /* covers.json */ = {isa = PBXFileReference; fileEncoding = 4; lastKnownFileType = text.json; path = covers.json; sourceTree = "<group>"; };
		D7E95AF42849952C0032EBBD /* animals.json */ = {isa = PBXFileReference; fileEncoding = 4; lastKnownFileType = text.json; path = animals.json; sourceTree = "<group>"; };
		D7E95AF52849952C0032EBBD /* locations.json */ = {isa = PBXFileReference; fileEncoding = 4; lastKnownFileType = text.json; path = locations.json; sourceTree = "<group>"; };
		D7E95AFA284996150032EBBD /* Info.plist */ = {isa = PBXFileReference; lastKnownFileType = text.plist; path = Info.plist; sourceTree = "<group>"; };
		D7E95B002849A26C0032EBBD /* VideoListView.swift */ = {isa = PBXFileReference; lastKnownFileType = sourcecode.swift; path = VideoListView.swift; sourceTree = "<group>"; };
		D7E95B022849A27B0032EBBD /* MapView.swift */ = {isa = PBXFileReference; lastKnownFileType = sourcecode.swift; path = MapView.swift; sourceTree = "<group>"; };
		D7E95B042849A2860032EBBD /* GalleryView.swift */ = {isa = PBXFileReference; lastKnownFileType = sourcecode.swift; path = GalleryView.swift; sourceTree = "<group>"; };
		D7E95B062849A2940032EBBD /* MainView.swift */ = {isa = PBXFileReference; lastKnownFileType = sourcecode.swift; path = MainView.swift; sourceTree = "<group>"; };
		D7E95B092849A4690032EBBD /* CoverImageView.swift */ = {isa = PBXFileReference; lastKnownFileType = sourcecode.swift; path = CoverImageView.swift; sourceTree = "<group>"; };
		D7E95B0C2849A5900032EBBD /* CoverImageModel.swift */ = {isa = PBXFileReference; lastKnownFileType = sourcecode.swift; path = CoverImageModel.swift; sourceTree = "<group>"; };
		D7E95B0F2849A6420032EBBD /* CodableBundleExtension.swift */ = {isa = PBXFileReference; lastKnownFileType = sourcecode.swift; path = CodableBundleExtension.swift; sourceTree = "<group>"; };
		D7E95B132849AB3C0032EBBD /* AnimalListItemView.swift */ = {isa = PBXFileReference; lastKnownFileType = sourcecode.swift; path = AnimalListItemView.swift; sourceTree = "<group>"; };
/* End PBXFileReference section */

/* Begin PBXFrameworksBuildPhase section */
		D7E95AC8284992510032EBBD /* Frameworks */ = {
			isa = PBXFrameworksBuildPhase;
			buildActionMask = 2147483647;
			files = (
			);
			runOnlyForDeploymentPostprocessing = 0;
		};
/* End PBXFrameworksBuildPhase section */

/* Begin PBXGroup section */
		D72FCEE92849F3A7000A2D5B /* Helper */ = {
			isa = PBXGroup;
			children = (
				D72FCEEA2849F3BC000A2D5B /* VideoPlayerHelper.swift */,
			);
			path = Helper;
			sourceTree = "<group>";
		};
		D76E3F1A284A747500B001A0 /* Stickers */ = {
			isa = PBXGroup;
			children = (
				D76E3F1B284A747800B001A0 /* Stickers.xcassets */,
				D76E3F1D284A747800B001A0 /* Info.plist */,
			);
			path = Stickers;
			sourceTree = "<group>";
		};
		D7E95AC2284992510032EBBD = {
			isa = PBXGroup;
			children = (
				D7E95ACD284992510032EBBD /* Africa */,
				D76E3F1A284A747500B001A0 /* Stickers */,
				D7E95ACC284992510032EBBD /* Products */,
			);
			sourceTree = "<group>";
		};
		D7E95ACC284992510032EBBD /* Products */ = {
			isa = PBXGroup;
			children = (
				D7E95ACB284992510032EBBD /* Africa.app */,
				D76E3F19284A747500B001A0 /* Stickers.appex */,
			);
			name = Products;
			sourceTree = "<group>";
		};
		D7E95ACD284992510032EBBD /* Africa */ = {
			isa = PBXGroup;
			children = (
				D72FCEE92849F3A7000A2D5B /* Helper */,
				D7E95B0E2849A6310032EBBD /* Extension */,
				D7E95B0B2849A57D0032EBBD /* Model */,
				D7E95B082849A4510032EBBD /* View */,
				D7E95AFA284996150032EBBD /* Info.plist */,
				D7E95AF12849951C0032EBBD /* Data */,
				D7E95ADC284994C00032EBBD /* Video */,
				D7E95AFB284997250032EBBD /* App */,
				D7E95AD2284992530032EBBD /* Assets.xcassets */,
				D7E95AD4284992530032EBBD /* Preview Content */,
			);
			path = Africa;
			sourceTree = "<group>";
		};
		D7E95AD4284992530032EBBD /* Preview Content */ = {
			isa = PBXGroup;
			children = (
				D7E95AD5284992530032EBBD /* Preview Assets.xcassets */,
			);
			path = "Preview Content";
			sourceTree = "<group>";
		};
		D7E95ADC284994C00032EBBD /* Video */ = {
			isa = PBXGroup;
			children = (
				D7E95ADD284994D70032EBBD /* cheetah.mp4 */,
				D7E95ADE284994D80032EBBD /* elephant.mp4 */,
				D7E95AE1284994D90032EBBD /* giraffe.mp4 */,
				D7E95AE5284994DC0032EBBD /* gorilla.mp4 */,
				D7E95AE6284994DD0032EBBD /* hippo.mp4 */,
				D7E95ADF284994D80032EBBD /* lion.mp4 */,
				D7E95AE0284994D90032EBBD /* lioness.mp4 */,
				D7E95AE4284994DC0032EBBD /* ostrich.mp4 */,
				D7E95AE2284994DA0032EBBD /* rhino.mp4 */,
				D7E95AE3284994DA0032EBBD /* zebra.mp4 */,
			);
			path = Video;
			sourceTree = "<group>";
		};
		D7E95AF12849951C0032EBBD /* Data */ = {
			isa = PBXGroup;
			children = (
				D7E95AF42849952C0032EBBD /* animals.json */,
				D7E95AF32849952C0032EBBD /* covers.json */,
				D7E95AF52849952C0032EBBD /* locations.json */,
				D7E95AF22849952B0032EBBD /* videos.json */,
			);
			path = Data;
			sourceTree = "<group>";
		};
		D7E95AFB284997250032EBBD /* App */ = {
			isa = PBXGroup;
			children = (
				D7E95ACE284992510032EBBD /* AfricaApp.swift */,
				D7E95AD0284992510032EBBD /* ContentView.swift */,
				D7E95B002849A26C0032EBBD /* VideoListView.swift */,
				D7E95B022849A27B0032EBBD /* MapView.swift */,
				D7E95B042849A2860032EBBD /* GalleryView.swift */,
				D7E95B062849A2940032EBBD /* MainView.swift */,
			);
			path = App;
			sourceTree = "<group>";
		};
		D7E95B082849A4510032EBBD /* View */ = {
			isa = PBXGroup;
			children = (
				D7E95B092849A4690032EBBD /* CoverImageView.swift */,
				D7E95B132849AB3C0032EBBD /* AnimalListItemView.swift */,
				D71A73912849AF14000D90C5 /* AnimalDetailView.swift */,
				D71A73952849B627000D90C5 /* HeadingView.swift */,
				D7B3D5B32849C755007B2C0F /* InsetGalleryView.swift */,
				D7B3D5B52849CB7C007B2C0F /* InsetFaceView.swift */,
				D7B3D5B72849E279007B2C0F /* InsetMapView.swift */,
				D7B3D5B92849E6A8007B2C0F /* ExternalWebLinkView.swift */,
				D7B3D5BD2849EDD1007B2C0F /* VideoListItemView.swift */,
				D72FCEE72849F30F000A2D5B /* VideoPlayerView.swift */,
				D7BF781F284A0EC90073A3FC /* MapAnnotationView.swift */,
				D7BF7821284A13E10073A3FC /* MotionAnimationView.swift */,
				D76E3F15284A6DF800B001A0 /* AnimalGridItemView.swift */,
			);
			path = View;
			sourceTree = "<group>";
		};
		D7E95B0B2849A57D0032EBBD /* Model */ = {
			isa = PBXGroup;
			children = (
				D7E95B0C2849A5900032EBBD /* CoverImageModel.swift */,
				D71A738F2849ACB5000D90C5 /* AnimalModel.swift */,
				D7B3D5BB2849ED56007B2C0F /* VideoModel.swift */,
				D72FCEEC2849F73F000A2D5B /* LocationModel.swift */,
			);
			path = Model;
			sourceTree = "<group>";
		};
		D7E95B0E2849A6310032EBBD /* Extension */ = {
			isa = PBXGroup;
			children = (
				D7E95B0F2849A6420032EBBD /* CodableBundleExtension.swift */,
			);
			path = Extension;
			sourceTree = "<group>";
		};
/* End PBXGroup section */

/* Begin PBXNativeTarget section */
		D76E3F18284A747500B001A0 /* Stickers */ = {
			isa = PBXNativeTarget;
			buildConfigurationList = D76E3F21284A747800B001A0 /* Build configuration list for PBXNativeTarget "Stickers" */;
			buildPhases = (
				D76E3F17284A747500B001A0 /* Resources */,
			);
			buildRules = (
			);
			dependencies = (
			);
			name = Stickers;
			productName = Stickers;
			productReference = D76E3F19284A747500B001A0 /* Stickers.appex */;
			productType = "com.apple.product-type.app-extension.messages-sticker-pack";
		};
		D7E95ACA284992510032EBBD /* Africa */ = {
			isa = PBXNativeTarget;
			buildConfigurationList = D7E95AD9284992530032EBBD /* Build configuration list for PBXNativeTarget "Africa" */;
			buildPhases = (
				D7E95AC7284992510032EBBD /* Sources */,
				D7E95AC8284992510032EBBD /* Frameworks */,
				D7E95AC9284992510032EBBD /* Resources */,
				D76E3F24284A747800B001A0 /* Embed App Extensions */,
			);
			buildRules = (
			);
			dependencies = (
				D76E3F1F284A747800B001A0 /* PBXTargetDependency */,
			);
			name = Africa;
			productName = Africa;
			productReference = D7E95ACB284992510032EBBD /* Africa.app */;
			productType = "com.apple.product-type.application";
		};
/* End PBXNativeTarget section */

/* Begin PBXProject section */
		D7E95AC3284992510032EBBD /* Project object */ = {
			isa = PBXProject;
			attributes = {
				BuildIndependentTargetsInParallel = 1;
				LastSwiftUpdateCheck = 1320;
				LastUpgradeCheck = 1320;
				TargetAttributes = {
					D76E3F18284A747500B001A0 = {
						CreatedOnToolsVersion = 13.2.1;
					};
					D7E95ACA284992510032EBBD = {
						CreatedOnToolsVersion = 13.2.1;
					};
				};
			};
			buildConfigurationList = D7E95AC6284992510032EBBD /* Build configuration list for PBXProject "Africa" */;
			compatibilityVersion = "Xcode 13.0";
			developmentRegion = en;
			hasScannedForEncodings = 0;
			knownRegions = (
				en,
				Base,
			);
			mainGroup = D7E95AC2284992510032EBBD;
			productRefGroup = D7E95ACC284992510032EBBD /* Products */;
			projectDirPath = "";
			projectRoot = "";
			targets = (
				D7E95ACA284992510032EBBD /* Africa */,
				D76E3F18284A747500B001A0 /* Stickers */,
			);
		};
/* End PBXProject section */

/* Begin PBXResourcesBuildPhase section */
		D76E3F17284A747500B001A0 /* Resources */ = {
			isa = PBXResourcesBuildPhase;
			buildActionMask = 2147483647;
			files = (
				D76E3F1C284A747800B001A0 /* Stickers.xcassets in Resources */,
			);
			runOnlyForDeploymentPostprocessing = 0;
		};
		D7E95AC9284992510032EBBD /* Resources */ = {
			isa = PBXResourcesBuildPhase;
			buildActionMask = 2147483647;
			files = (
				D7E95AF82849952C0032EBBD /* animals.json in Resources */,
				D7E95AEC284994DD0032EBBD /* rhino.mp4 in Resources */,
				D7E95AF92849952C0032EBBD /* locations.json in Resources */,
				D7E95AE8284994DD0032EBBD /* elephant.mp4 in Resources */,
				D7E95AD6284992530032EBBD /* Preview Assets.xcassets in Resources */,
				D7E95AD3284992530032EBBD /* Assets.xcassets in Resources */,
				D7E95AF62849952C0032EBBD /* videos.json in Resources */,
				D7E95AF0284994DD0032EBBD /* hippo.mp4 in Resources */,
				D7E95AE9284994DD0032EBBD /* lion.mp4 in Resources */,
				D7E95AF72849952C0032EBBD /* covers.json in Resources */,
				D7E95AE7284994DD0032EBBD /* cheetah.mp4 in Resources */,
				D7E95AEB284994DD0032EBBD /* giraffe.mp4 in Resources */,
				D7E95AED284994DD0032EBBD /* zebra.mp4 in Resources */,
				D7E95AEE284994DD0032EBBD /* ostrich.mp4 in Resources */,
				D7E95AEA284994DD0032EBBD /* lioness.mp4 in Resources */,
				D7E95AEF284994DD0032EBBD /* gorilla.mp4 in Resources */,
			);
			runOnlyForDeploymentPostprocessing = 0;
		};
/* End PBXResourcesBuildPhase section */

/* Begin PBXSourcesBuildPhase section */
		D7E95AC7284992510032EBBD /* Sources */ = {
			isa = PBXSourcesBuildPhase;
			buildActionMask = 2147483647;
			files = (
				D7E95AD1284992510032EBBD /* ContentView.swift in Sources */,
				D7E95B142849AB3C0032EBBD /* AnimalListItemView.swift in Sources */,
				D7E95B072849A2940032EBBD /* MainView.swift in Sources */,
				D7E95B0A2849A4690032EBBD /* CoverImageView.swift in Sources */,
				D7E95B0D2849A5900032EBBD /* CoverImageModel.swift in Sources */,
				D7B3D5B62849CB7C007B2C0F /* InsetFaceView.swift in Sources */,
				D71A73922849AF14000D90C5 /* AnimalDetailView.swift in Sources */,
				D71A73902849ACB5000D90C5 /* AnimalModel.swift in Sources */,
				D7E95B032849A27B0032EBBD /* MapView.swift in Sources */,
				D7B3D5B82849E279007B2C0F /* InsetMapView.swift in Sources */,
				D72FCEEB2849F3BC000A2D5B /* VideoPlayerHelper.swift in Sources */,
				D7E95ACF284992510032EBBD /* AfricaApp.swift in Sources */,
				D7B3D5BA2849E6A8007B2C0F /* ExternalWebLinkView.swift in Sources */,
				D7BF7820284A0EC90073A3FC /* MapAnnotationView.swift in Sources */,
				D7E95B012849A26C0032EBBD /* VideoListView.swift in Sources */,
				D7B3D5BC2849ED56007B2C0F /* VideoModel.swift in Sources */,
				D7E95B052849A2860032EBBD /* GalleryView.swift in Sources */,
				D72FCEED2849F73F000A2D5B /* LocationModel.swift in Sources */,
				D76E3F16284A6DF800B001A0 /* AnimalGridItemView.swift in Sources */,
				D7B3D5B42849C755007B2C0F /* InsetGalleryView.swift in Sources */,
				D7B3D5BE2849EDD1007B2C0F /* VideoListItemView.swift in Sources */,
				D7E95B102849A6420032EBBD /* CodableBundleExtension.swift in Sources */,
				D7BF7822284A13E10073A3FC /* MotionAnimationView.swift in Sources */,
				D71A73962849B627000D90C5 /* HeadingView.swift in Sources */,
				D72FCEE82849F30F000A2D5B /* VideoPlayerView.swift in Sources */,
			);
			runOnlyForDeploymentPostprocessing = 0;
		};
/* End PBXSourcesBuildPhase section */

/* Begin PBXTargetDependency section */
		D76E3F1F284A747800B001A0 /* PBXTargetDependency */ = {
			isa = PBXTargetDependency;
			target = D76E3F18284A747500B001A0 /* Stickers */;
			targetProxy = D76E3F1E284A747800B001A0 /* PBXContainerItemProxy */;
		};
/* End PBXTargetDependency section */

/* Begin XCBuildConfiguration section */
		D76E3F22284A747800B001A0 /* Debug */ = {
			isa = XCBuildConfiguration;
			buildSettings = {
				ASSETCATALOG_COMPILER_APPICON_NAME = "iMessage App Icon";
				CODE_SIGN_STYLE = Automatic;
				CURRENT_PROJECT_VERSION = 1;
				DEVELOPMENT_TEAM = 472KCYDC2N;
				GENERATE_INFOPLIST_FILE = YES;
				INFOPLIST_FILE = Stickers/Info.plist;
				INFOPLIST_KEY_CFBundleDisplayName = Africa;
				IPHONEOS_DEPLOYMENT_TARGET = 10.0;
				MARKETING_VERSION = 1.0;
				PRODUCT_BUNDLE_IDENTIFIER = com.tinonsoftware.Africa.Stickers;
				PRODUCT_NAME = "$(TARGET_NAME)";
				SKIP_INSTALL = YES;
				SWIFT_EMIT_LOC_STRINGS = YES;
				TARGETED_DEVICE_FAMILY = "1,2";
			};
			name = Debug;
		};
		D76E3F23284A747800B001A0 /* Release */ = {
			isa = XCBuildConfiguration;
			buildSettings = {
				ASSETCATALOG_COMPILER_APPICON_NAME = "iMessage App Icon";
				CODE_SIGN_STYLE = Automatic;
				CURRENT_PROJECT_VERSION = 1;
				DEVELOPMENT_TEAM = 472KCYDC2N;
				GENERATE_INFOPLIST_FILE = YES;
				INFOPLIST_FILE = Stickers/Info.plist;
				INFOPLIST_KEY_CFBundleDisplayName = Africa;
				IPHONEOS_DEPLOYMENT_TARGET = 10.0;
				MARKETING_VERSION = 1.0;
				PRODUCT_BUNDLE_IDENTIFIER = com.tinonsoftware.Africa.Stickers;
				PRODUCT_NAME = "$(TARGET_NAME)";
				SKIP_INSTALL = YES;
				SWIFT_EMIT_LOC_STRINGS = YES;
				TARGETED_DEVICE_FAMILY = "1,2";
			};
			name = Release;
		};
		D7E95AD7284992530032EBBD /* Debug */ = {
			isa = XCBuildConfiguration;
			buildSettings = {
				ALWAYS_SEARCH_USER_PATHS = NO;
				CLANG_ANALYZER_NONNULL = YES;
				CLANG_ANALYZER_NUMBER_OBJECT_CONVERSION = YES_AGGRESSIVE;
				CLANG_CXX_LANGUAGE_STANDARD = "gnu++17";
				CLANG_CXX_LIBRARY = "libc++";
				CLANG_ENABLE_MODULES = YES;
				CLANG_ENABLE_OBJC_ARC = YES;
				CLANG_ENABLE_OBJC_WEAK = YES;
				CLANG_WARN_BLOCK_CAPTURE_AUTORELEASING = YES;
				CLANG_WARN_BOOL_CONVERSION = YES;
				CLANG_WARN_COMMA = YES;
				CLANG_WARN_CONSTANT_CONVERSION = YES;
				CLANG_WARN_DEPRECATED_OBJC_IMPLEMENTATIONS = YES;
				CLANG_WARN_DIRECT_OBJC_ISA_USAGE = YES_ERROR;
				CLANG_WARN_DOCUMENTATION_COMMENTS = YES;
				CLANG_WARN_EMPTY_BODY = YES;
				CLANG_WARN_ENUM_CONVERSION = YES;
				CLANG_WARN_INFINITE_RECURSION = YES;
				CLANG_WARN_INT_CONVERSION = YES;
				CLANG_WARN_NON_LITERAL_NULL_CONVERSION = YES;
				CLANG_WARN_OBJC_IMPLICIT_RETAIN_SELF = YES;
				CLANG_WARN_OBJC_LITERAL_CONVERSION = YES;
				CLANG_WARN_OBJC_ROOT_CLASS = YES_ERROR;
				CLANG_WARN_QUOTED_INCLUDE_IN_FRAMEWORK_HEADER = YES;
				CLANG_WARN_RANGE_LOOP_ANALYSIS = YES;
				CLANG_WARN_STRICT_PROTOTYPES = YES;
				CLANG_WARN_SUSPICIOUS_MOVE = YES;
				CLANG_WARN_UNGUARDED_AVAILABILITY = YES_AGGRESSIVE;
				CLANG_WARN_UNREACHABLE_CODE = YES;
				CLANG_WARN__DUPLICATE_METHOD_MATCH = YES;
				COPY_PHASE_STRIP = NO;
				DEBUG_INFORMATION_FORMAT = dwarf;
				ENABLE_STRICT_OBJC_MSGSEND = YES;
				ENABLE_TESTABILITY = YES;
				GCC_C_LANGUAGE_STANDARD = gnu11;
				GCC_DYNAMIC_NO_PIC = NO;
				GCC_NO_COMMON_BLOCKS = YES;
				GCC_OPTIMIZATION_LEVEL = 0;
				GCC_PREPROCESSOR_DEFINITIONS = (
					"DEBUG=1",
					"$(inherited)",
				);
				GCC_WARN_64_TO_32_BIT_CONVERSION = YES;
				GCC_WARN_ABOUT_RETURN_TYPE = YES_ERROR;
				GCC_WARN_UNDECLARED_SELECTOR = YES;
				GCC_WARN_UNINITIALIZED_AUTOS = YES_AGGRESSIVE;
				GCC_WARN_UNUSED_FUNCTION = YES;
				GCC_WARN_UNUSED_VARIABLE = YES;
				IPHONEOS_DEPLOYMENT_TARGET = 15.2;
				MTL_ENABLE_DEBUG_INFO = INCLUDE_SOURCE;
				MTL_FAST_MATH = YES;
				ONLY_ACTIVE_ARCH = YES;
				SDKROOT = iphoneos;
				SWIFT_ACTIVE_COMPILATION_CONDITIONS = DEBUG;
				SWIFT_OPTIMIZATION_LEVEL = "-Onone";
			};
			name = Debug;
		};
		D7E95AD8284992530032EBBD /* Release */ = {
			isa = XCBuildConfiguration;
			buildSettings = {
				ALWAYS_SEARCH_USER_PATHS = NO;
				CLANG_ANALYZER_NONNULL = YES;
				CLANG_ANALYZER_NUMBER_OBJECT_CONVERSION = YES_AGGRESSIVE;
				CLANG_CXX_LANGUAGE_STANDARD = "gnu++17";
				CLANG_CXX_LIBRARY = "libc++";
				CLANG_ENABLE_MODULES = YES;
				CLANG_ENABLE_OBJC_ARC = YES;
				CLANG_ENABLE_OBJC_WEAK = YES;
				CLANG_WARN_BLOCK_CAPTURE_AUTORELEASING = YES;
				CLANG_WARN_BOOL_CONVERSION = YES;
				CLANG_WARN_COMMA = YES;
				CLANG_WARN_CONSTANT_CONVERSION = YES;
				CLANG_WARN_DEPRECATED_OBJC_IMPLEMENTATIONS = YES;
				CLANG_WARN_DIRECT_OBJC_ISA_USAGE = YES_ERROR;
				CLANG_WARN_DOCUMENTATION_COMMENTS = YES;
				CLANG_WARN_EMPTY_BODY = YES;
				CLANG_WARN_ENUM_CONVERSION = YES;
				CLANG_WARN_INFINITE_RECURSION = YES;
				CLANG_WARN_INT_CONVERSION = YES;
				CLANG_WARN_NON_LITERAL_NULL_CONVERSION = YES;
				CLANG_WARN_OBJC_IMPLICIT_RETAIN_SELF = YES;
				CLANG_WARN_OBJC_LITERAL_CONVERSION = YES;
				CLANG_WARN_OBJC_ROOT_CLASS = YES_ERROR;
				CLANG_WARN_QUOTED_INCLUDE_IN_FRAMEWORK_HEADER = YES;
				CLANG_WARN_RANGE_LOOP_ANALYSIS = YES;
				CLANG_WARN_STRICT_PROTOTYPES = YES;
				CLANG_WARN_SUSPICIOUS_MOVE = YES;
				CLANG_WARN_UNGUARDED_AVAILABILITY = YES_AGGRESSIVE;
				CLANG_WARN_UNREACHABLE_CODE = YES;
				CLANG_WARN__DUPLICATE_METHOD_MATCH = YES;
				COPY_PHASE_STRIP = NO;
				DEBUG_INFORMATION_FORMAT = "dwarf-with-dsym";
				ENABLE_NS_ASSERTIONS = NO;
				ENABLE_STRICT_OBJC_MSGSEND = YES;
				GCC_C_LANGUAGE_STANDARD = gnu11;
				GCC_NO_COMMON_BLOCKS = YES;
				GCC_WARN_64_TO_32_BIT_CONVERSION = YES;
				GCC_WARN_ABOUT_RETURN_TYPE = YES_ERROR;
				GCC_WARN_UNDECLARED_SELECTOR = YES;
				GCC_WARN_UNINITIALIZED_AUTOS = YES_AGGRESSIVE;
				GCC_WARN_UNUSED_FUNCTION = YES;
				GCC_WARN_UNUSED_VARIABLE = YES;
				IPHONEOS_DEPLOYMENT_TARGET = 15.2;
				MTL_ENABLE_DEBUG_INFO = NO;
				MTL_FAST_MATH = YES;
				SDKROOT = iphoneos;
				SWIFT_COMPILATION_MODE = wholemodule;
				SWIFT_OPTIMIZATION_LEVEL = "-O";
				VALIDATE_PRODUCT = YES;
			};
			name = Release;
		};
		D7E95ADA284992530032EBBD /* Debug */ = {
			isa = XCBuildConfiguration;
			buildSettings = {
				ASSETCATALOG_COMPILER_APPICON_NAME = AppIcon;
				ASSETCATALOG_COMPILER_GLOBAL_ACCENT_COLOR_NAME = AccentColor;
				CODE_SIGN_STYLE = Automatic;
				CURRENT_PROJECT_VERSION = 1;
				DEVELOPMENT_ASSET_PATHS = "\"Africa/Preview Content\"";
				DEVELOPMENT_TEAM = 472KCYDC2N;
				ENABLE_PREVIEWS = YES;
				GENERATE_INFOPLIST_FILE = YES;
				INFOPLIST_FILE = Africa/Info.plist;
				INFOPLIST_KEY_UIApplicationSceneManifest_Generation = YES;
				INFOPLIST_KEY_UIApplicationSupportsIndirectInputEvents = YES;
				INFOPLIST_KEY_UISupportedInterfaceOrientations_iPad = "UIInterfaceOrientationPortrait UIInterfaceOrientationPortraitUpsideDown UIInterfaceOrientationLandscapeLeft UIInterfaceOrientationLandscapeRight";
				INFOPLIST_KEY_UISupportedInterfaceOrientations_iPhone = "UIInterfaceOrientationPortrait UIInterfaceOrientationLandscapeLeft UIInterfaceOrientationLandscapeRight";
				INFOPLIST_KEY_UIUserInterfaceStyle = Dark;
				LD_RUNPATH_SEARCH_PATHS = (
					"$(inherited)",
					"@executable_path/Frameworks",
				);
				MARKETING_VERSION = 1.0;
				PRODUCT_BUNDLE_IDENTIFIER = com.tinonsoftware.Africa;
				PRODUCT_NAME = "$(TARGET_NAME)";
				SWIFT_EMIT_LOC_STRINGS = YES;
				SWIFT_VERSION = 5.0;
				TARGETED_DEVICE_FAMILY = "1,2";
			};
			name = Debug;
		};
		D7E95ADB284992530032EBBD /* Release */ = {
			isa = XCBuildConfiguration;
			buildSettings = {
				ASSETCATALOG_COMPILER_APPICON_NAME = AppIcon;
				ASSETCATALOG_COMPILER_GLOBAL_ACCENT_COLOR_NAME = AccentColor;
				CODE_SIGN_STYLE = Automatic;
				CURRENT_PROJECT_VERSION = 1;
				DEVELOPMENT_ASSET_PATHS = "\"Africa/Preview Content\"";
				DEVELOPMENT_TEAM = 472KCYDC2N;
				ENABLE_PREVIEWS = YES;
				GENERATE_INFOPLIST_FILE = YES;
				INFOPLIST_FILE = Africa/Info.plist;
				INFOPLIST_KEY_UIApplicationSceneManifest_Generation = YES;
				INFOPLIST_KEY_UIApplicationSupportsIndirectInputEvents = YES;
				INFOPLIST_KEY_UISupportedInterfaceOrientations_iPad = "UIInterfaceOrientationPortrait UIInterfaceOrientationPortraitUpsideDown UIInterfaceOrientationLandscapeLeft UIInterfaceOrientationLandscapeRight";
				INFOPLIST_KEY_UISupportedInterfaceOrientations_iPhone = "UIInterfaceOrientationPortrait UIInterfaceOrientationLandscapeLeft UIInterfaceOrientationLandscapeRight";
				INFOPLIST_KEY_UIUserInterfaceStyle = Dark;
				LD_RUNPATH_SEARCH_PATHS = (
					"$(inherited)",
					"@executable_path/Frameworks",
				);
				MARKETING_VERSION = 1.0;
				PRODUCT_BUNDLE_IDENTIFIER = com.tinonsoftware.Africa;
				PRODUCT_NAME = "$(TARGET_NAME)";
				SWIFT_EMIT_LOC_STRINGS = YES;
				SWIFT_VERSION = 5.0;
				TARGETED_DEVICE_FAMILY = "1,2";
			};
			name = Release;
		};
/* End XCBuildConfiguration section */

/* Begin XCConfigurationList section */
		D76E3F21284A747800B001A0 /* Build configuration list for PBXNativeTarget "Stickers" */ = {
			isa = XCConfigurationList;
			buildConfigurations = (
				D76E3F22284A747800B001A0 /* Debug */,
				D76E3F23284A747800B001A0 /* Release */,
			);
			defaultConfigurationIsVisible = 0;
			defaultConfigurationName = Release;
		};
		D7E95AC6284992510032EBBD /* Build configuration list for PBXProject "Africa" */ = {
			isa = XCConfigurationList;
			buildConfigurations = (
				D7E95AD7284992530032EBBD /* Debug */,
				D7E95AD8284992530032EBBD /* Release */,
			);
			defaultConfigurationIsVisible = 0;
			defaultConfigurationName = Release;
		};
		D7E95AD9284992530032EBBD /* Build configuration list for PBXNativeTarget "Africa" */ = {
			isa = XCConfigurationList;
			buildConfigurations = (
				D7E95ADA284992530032EBBD /* Debug */,
				D7E95ADB284992530032EBBD /* Release */,
			);
			defaultConfigurationIsVisible = 0;
			defaultConfigurationName = Release;
		};
/* End XCConfigurationList section */
	};
	rootObject = D7E95AC3284992510032EBBD /* Project object */;
}
